speakeasyVersion: 1.456.0
sources:
    Polar-OAS:
        sourceNamespace: polar-oas
        sourceRevisionDigest: sha256:c59bb562781fd7baf42dda358af895c5af089d014244bd06be47b902cb390f80
        sourceBlobDigest: sha256:d35f122b88cd520d91dbf3be4b9bf6357a44ea39cfebd51e6e4ef7c9505a0d7d
        tags:
            - latest
            - speakeasy-sdk-regen-1734528750
            - 0.1.0
targets:
    polar:
        source: Polar-OAS
        sourceNamespace: polar-oas
        sourceRevisionDigest: sha256:c59bb562781fd7baf42dda358af895c5af089d014244bd06be47b902cb390f80
        sourceBlobDigest: sha256:d35f122b88cd520d91dbf3be4b9bf6357a44ea39cfebd51e6e4ef7c9505a0d7d
        codeSamplesNamespace: polar-oas-code-samples
        codeSamplesRevisionDigest: sha256:f91d6961bf3cd733f6609ccb76045148ee139bc616abd778a2eae75bb08eedab
workflow:
    workflowVersion: 1.0.0
    speakeasyVersion: latest
    sources:
        Polar-OAS:
            inputs:
                - location: https://api.polar.sh/openapi.json
            overlays:
                - location: https://raw.githubusercontent.com/polarsource/polar/main/sdk/overlays/security.yml
                - location: https://raw.githubusercontent.com/polarsource/polar/main/sdk/overlays/type_parameter.yml
                - location: https://raw.githubusercontent.com/polarsource/polar/main/sdk/overlays/product_price_discriminator.yml
                - location: https://raw.githubusercontent.com/polarsource/polar/main/sdk/overlays/read_only.yml
            registry:
                location: registry.speakeasyapi.dev/polar/polar/polar-oas
    targets:
        polar:
            target: go
            source: Polar-OAS
            codeSamples:
                output: codeSamples.yaml
                registry:
                    location: registry.speakeasyapi.dev/polar/polar/polar-oas-code-samples
